github.com/ebml-go/ebml v0.0.0-20160925193348-ca8851a10894 h1:N1Navg94Gvv0DkkFJFoTBxb8e886L3dqq2UoUMjcVZI=
github.com/ebml-go/ebml v0.0.0-20160925193348-ca8851a10894/go.mod h1:nW0Kn5hTb57MDQW6vhOAUsT5/z6o9RQcMs8wmOcZtWw=
github.com/ebml-go/webm v0.0.0-20251216111924-f3de02b3c131 h1:KjkrjY+hv3Fq5nCufETz1ZPoL5TMraBj8x+5iFj3PdA=
github.com/ebml-go/webm v0.0.0-20251216111924-f3de02b3c131/go.mod h1:H6o03B1Zd3dem8QXDw0MBAmShfDPkwtzmqUUebZ2HKo=
github.com/go-gl/gl v0.0.0-20231021071112-07e5d0ea2e71 h1:5BVwOaUSBTlVZowGO6VZGw2H/zl9nrd3eCZfYV+NfQA=
github.com/go-gl/gl v0.0.0-20231021071112-07e5d0ea2e71/go.mod h1:9YTyiznxEY1fVinfM7RvRcjRHbw2xLBJ3AAGIT0I4Nw=
github.com/go-gl/glfw v0.0.0-20250301202403-da16c1255728 h1:Ak0LUgy7whfnJGPcjhR4oJ+THJNkXuhEfa+htfbz90o=
github.com/go-gl/glfw v0.0.0-20250301202403-da16c1255728/go.mod h1:fOxQgJvH6dIDHn5YOoXiNC8tUMMNuCgbMK2yZTlZVQA=
github.com/golang-ui/nuklear v1.1.0-nuklear.4.12.7 h1:zkjiSTTPHvK9OLnL1VGcbK745rytZKOLplzvO0jzr10=
github.com/golang-ui/nuklear v1.1.0-nuklear.4.12.7/go.mod h1:xX2vbAOtImdmMK3nPye2JyxCZbPmbjg/IVBIzuxReKU=
github.com/petar/GoLLRB v0.0.0-20130427215148-53be0d36a84c h1:AwcgVYzW1T+QuJ2fc55ceOSCiVaOpdYUNpFj9t7+n9U=
github.com/petar/GoLLRB v0.0.0-20130427215148-53be0d36a84c/go.mod h1:HUpKUBZnpzkdx0kD/+Yfuft+uD3zHGtXF/XJB14TUr4=
github.com/veandco/go-sdl2 v0.4.40 h1:fZv6wC3zz1Xt167P09gazawnpa0KY5LM7JAvKpX9d/U=
github.com/veandco/go-sdl2 v0.4.40/go.mod h1:OROqMhHD43nT4/i9crJukyVecjPNYYuCofep6SNiAjY=
github.com/xlab/android-go v0.0.0-20221106204035-3cc54d5032fa h1:fJnl39vCautixum6jJL40AULKdF1r+2/IWzPHOcFCeM=
github.com/xlab/android-go v0.0.0-20221106204035-3cc54d5032fa/go.mod h1:WNGsHAaW0HwZ/T5KZPDOHJHtX+lHUElskKRPVtQ1/xs=
github.com/xlab/closer v1.1.0 h1:yrDiOXjd/B7pZ3lZkl/EZ1gWrR2M2N5XpBnixynm4mc=
github.com/xlab/closer v1.1.0/go.mod h1:Ff8YcUPbn5jju6nClrMCmJHQABM0S/obEK0za/1yVMk=
github.com/xlab/libvpx-go v0.0.0-20220203233824-652b2616315c h1:dYh8PXMQ2Ibn0EpOHJEUyaWlcZ1egvB3elvzPzC7JZ8=
github.com/xlab/libvpx-go v0.0.0-20220203233824-652b2616315c/go.mod h1:aDpRjomFsJw5z7oxScCKeB5NNGqibqdOgmpnOaEVMQs=
github.com/xlab/opus-go v0.0.0-20250325081835-adfc43284277 h1:6KPgiyMxwITstiVqAE9urYER2xjf+pjK+OCV50txHMs=
github.com/xlab/opus-go v0.0.0-20250325081835-adfc43284277/go.mod h1:67ybEtjKOs8jIclKxytn7aZ8g65Xu18sFJ3mBCAD0Nk=
github.com/xlab/portaudio-go v1.0.0 h1:ixVvzW8hnv157wy27OrftlCPl0ZFI0pOqvYGiB2M3Jc=
github.com/xlab/portaudio-go v1.0.0/go.mod h1:VwclOgMyes6YiZdQYgxtjWq4gouFRdUzCXDwCzkDPKI=
github.com/xlab/vorbis-go v0.0.0-20210911202351-b5b85f1ec645 h1:lYg/+vV/Fd5WM1+Ptg54Am3y4mDXaMSrT+mKUHV5uVc=
github.com/xlab/vorbis-go v0.0.0-20210911202351-b5b85f1ec645/go.mod h1:AMqfx3jFwPqem3u8mF2lsRodZs30jG/Mag5HZ3mB3sA=
